
Microsoft Visual Studio Solution File, Format Version 12.00
# Visual Studio Version 16
VisualStudioVersion = 16.0.31112.23
MinimumVisualStudioVersion = 10.0.40219.1
Project("{9A19103F-16F7-4668-BE54-9A1E7A4F7556}") = "Jcsms", "src\Jcsms\Jcsms.csproj", "{DC44CFC1-036B-4DDB-BDEA-A587ACAE10ED}"
EndProject
Project("{9A19103F-16F7-4668-BE54-9A1E7A4F7556}") = "Jcsms.Aliyun", "src\Jcsms.Aliyun\Jcsms.Aliyun.csproj", "{C46ABE08-DEDE-49F2-8FD4-80F05504988B}"
EndProject
Project("{9A19103F-16F7-4668-BE54-9A1E7A4F7556}") = "Jcsms.ChuangLan253", "src\Jcsms.ChuangLan253\Jcsms.ChuangLan253.csproj", "{602B101F-D5BF-4AF1-BD6A-8FEB28C2D0FB}"
EndProject
Project("{2150E333-8FDC-42A3-9474-1A3956D46DE8}") = "Scripts", "Scripts", "{0E86BAE5-6A15-4A6E-AD22-B2317EA4F8DE}"
	ProjectSection(SolutionItems) = preProject
		src\Publish-Nuget-Packages.ps1 = src\Publish-Nuget-Packages.ps1
	EndProjectSection
EndProject
Project("{9A19103F-16F7-4668-BE54-9A1E7A4F7556}") = "Jcsms.Example.AspNetCore", "examples\Jcsms.Example.AspNetCore\Jcsms.Example.AspNetCore.csproj", "{68601535-0944-47B1-AC24-7291A7E2D775}"
EndProject
Project("{FAE04EC0-301F-11D3-BF4B-00C04F79EFBC}") = "Jcsms.Mas", "src\Jcsms.Mas\Jcsms.Mas.csproj", "{0C999111-C67B-44DF-B73E-79232489DD12}"
EndProject
Project("{FAE04EC0-301F-11D3-BF4B-00C04F79EFBC}") = "Jcsms.MasTests", "src\Jcsms.MasTests\Jcsms.MasTests.csproj", "{805F56D2-708C-4188-83A7-857C40158A15}"
EndProject
Project("{2150E333-8FDC-42A3-9474-1A3956D46DE8}") = "Tests", "Tests", "{0540EC70-E682-4550-A8FA-75A24B6F0ED3}"
EndProject
Global
	GlobalSection(SolutionConfigurationPlatforms) = preSolution
		Debug|Any CPU = Debug|Any CPU
		Release|Any CPU = Release|Any CPU
	EndGlobalSection
	GlobalSection(ProjectConfigurationPlatforms) = postSolution
		{DC44CFC1-036B-4DDB-BDEA-A587ACAE10ED}.Debug|Any CPU.ActiveCfg = Debug|Any CPU
		{DC44CFC1-036B-4DDB-BDEA-A587ACAE10ED}.Debug|Any CPU.Build.0 = Debug|Any CPU
		{DC44CFC1-036B-4DDB-BDEA-A587ACAE10ED}.Release|Any CPU.ActiveCfg = Release|Any CPU
		{DC44CFC1-036B-4DDB-BDEA-A587ACAE10ED}.Release|Any CPU.Build.0 = Release|Any CPU
		{C46ABE08-DEDE-49F2-8FD4-80F05504988B}.Debug|Any CPU.ActiveCfg = Debug|Any CPU
		{C46ABE08-DEDE-49F2-8FD4-80F05504988B}.Debug|Any CPU.Build.0 = Debug|Any CPU
		{C46ABE08-DEDE-49F2-8FD4-80F05504988B}.Release|Any CPU.ActiveCfg = Release|Any CPU
		{C46ABE08-DEDE-49F2-8FD4-80F05504988B}.Release|Any CPU.Build.0 = Release|Any CPU
		{602B101F-D5BF-4AF1-BD6A-8FEB28C2D0FB}.Debug|Any CPU.ActiveCfg = Debug|Any CPU
		{602B101F-D5BF-4AF1-BD6A-8FEB28C2D0FB}.Debug|Any CPU.Build.0 = Debug|Any CPU
		{602B101F-D5BF-4AF1-BD6A-8FEB28C2D0FB}.Release|Any CPU.ActiveCfg = Release|Any CPU
		{602B101F-D5BF-4AF1-BD6A-8FEB28C2D0FB}.Release|Any CPU.Build.0 = Release|Any CPU
		{68601535-0944-47B1-AC24-7291A7E2D775}.Debug|Any CPU.ActiveCfg = Debug|Any CPU
		{68601535-0944-47B1-AC24-7291A7E2D775}.Debug|Any CPU.Build.0 = Debug|Any CPU
		{68601535-0944-47B1-AC24-7291A7E2D775}.Release|Any CPU.ActiveCfg = Release|Any CPU
		{68601535-0944-47B1-AC24-7291A7E2D775}.Release|Any CPU.Build.0 = Release|Any CPU
		{0C999111-C67B-44DF-B73E-79232489DD12}.Debug|Any CPU.ActiveCfg = Debug|Any CPU
		{0C999111-C67B-44DF-B73E-79232489DD12}.Debug|Any CPU.Build.0 = Debug|Any CPU
		{0C999111-C67B-44DF-B73E-79232489DD12}.Release|Any CPU.ActiveCfg = Release|Any CPU
		{0C999111-C67B-44DF-B73E-79232489DD12}.Release|Any CPU.Build.0 = Release|Any CPU
		{805F56D2-708C-4188-83A7-857C40158A15}.Debug|Any CPU.ActiveCfg = Debug|Any CPU
		{805F56D2-708C-4188-83A7-857C40158A15}.Debug|Any CPU.Build.0 = Debug|Any CPU
		{805F56D2-708C-4188-83A7-857C40158A15}.Release|Any CPU.ActiveCfg = Release|Any CPU
		{805F56D2-708C-4188-83A7-857C40158A15}.Release|Any CPU.Build.0 = Release|Any CPU
	EndGlobalSection
	GlobalSection(SolutionProperties) = preSolution
		HideSolutionNode = FALSE
	EndGlobalSection
	GlobalSection(NestedProjects) = preSolution
		{68601535-0944-47B1-AC24-7291A7E2D775} = {0540EC70-E682-4550-A8FA-75A24B6F0ED3}
		{805F56D2-708C-4188-83A7-857C40158A15} = {0540EC70-E682-4550-A8FA-75A24B6F0ED3}
	EndGlobalSection
	GlobalSection(ExtensibilityGlobals) = postSolution
		SolutionGuid = {08B8F5FE-9EB2-4AF9-8D0A-D9942B47C982}
	EndGlobalSection
EndGlobal
